
Microsoft Visual Studio Solution File, Format Version 12.00
# Visual Studio Version 16
VisualStudioVersion = 16.0.29102.190
MinimumVisualStudioVersion = 10.0.40219.1
Project("{FAE04EC0-301F-11D3-BF4B-00C04F79EFBC}") = "PrototypePattern", "PrototypePattern.csproj", "{9F8EBC1C-F55F-4E4D-8690-9D6A1F8A5635}"
EndProject
Global
	GlobalSection(SolutionConfigurationPlatforms) = preSolution
		Debug|Any CPU = Debug|Any CPU
		Release|Any CPU = Release|Any CPU
	EndGlobalSection
	GlobalSection(ProjectConfigurationPlatforms) = postSolution
		{9F8EBC1C-F55F-4E4D-8690-9D6A1F8A5635}.Debug|Any CPU.ActiveCfg = Debug|Any CPU
		{9F8EBC1C-F55F-4E4D-8690-9D6A1F8A5635}.Debug|Any CPU.Build.0 = Debug|Any CPU
		{9F8EBC1C-F55F-4E4D-8690-9D6A1F8A5635}.Release|Any CPU.ActiveCfg = Release|Any CPU
		{9F8EBC1C-F55F-4E4D-8690-9D6A1F8A5635}.Release|Any CPU.Build.0 = Release|Any CPU
	EndGlobalSection
	GlobalSection(SolutionProperties) = preSolution
		HideSolutionNode = FALSE
	EndGlobalSection
	GlobalSection(ExtensibilityGlobals) = postSolution
		SolutionGuid = {62608BCB-E7A4-4176-8B2A-93BDDCBE6B7E}
	EndGlobalSection
EndGlobal
